
Microsoft Visual Studio Solution File, Format Version 12.00
# Visual Studio 15
VisualStudioVersion = 15.0.26228.9
MinimumVisualStudioVersion = 10.0.40219.1
Project("{2150E333-8FDC-42A3-9474-1A3956D46DE8}") = "src", "src", "{2408EC7B-2E06-46A5-B6AC-D4E985E30CBB}"
EndProject
Project("{2150E333-8FDC-42A3-9474-1A3956D46DE8}") = "Solution Items", "Solution Items", "{DFF21B2A-7F52-448D-8867-D1C4EEAF73A7}"
EndProject
Project("{2150E333-8FDC-42A3-9474-1A3956D46DE8}") = "Clients", "Clients", "{BABF1C97-CB5C-4AC5-81C6-6A81B0D45E27}"
EndProject
Project("{FAE04EC0-301F-11D3-BF4B-00C04F79EFBC}") = "Client", "src\Client\Client.csproj", "{B707F1AF-DD46-45D6-B4C5-BC2E9A3FB9B7}"
EndProject
Project("{FAE04EC0-301F-11D3-BF4B-00C04F79EFBC}") = "ResourceOwnerClient", "src\ResourceOwnerClient\ResourceOwnerClient.csproj", "{40674C67-6A97-4B85-8154-92AEC74A37A0}"
EndProject
Project("{FAE04EC0-301F-11D3-BF4B-00C04F79EFBC}") = "MvcClient", "src\MvcClient\MvcClient.csproj", "{4CFB4883-9929-4814-BE22-2E19476CE4A3}"
EndProject
Project("{FAE04EC0-301F-11D3-BF4B-00C04F79EFBC}") = "LagencyUser.Web", "src\IdentityServerWithAspNetIdentity\LagencyUser.Web.csproj", "{1ECB5581-FFA5-4C11-A491-C85ABD962033}"
EndProject
Project("{E53339B2-1760-4266-BCC7-CA923CBCF16C}") = "docker-compose", "docker-compose.dcproj", "{0588E894-0F7A-470B-9F13-F8992E59AD5C}"
EndProject
Project("{FAE04EC0-301F-11D3-BF4B-00C04F79EFBC}") = "LagencyUser.Infrastructure", "src\LagencyUser.Infrastructure\LagencyUser.Infrastructure.csproj", "{2C2C5158-2A08-44CB-A166-E7B06458DE9E}"
EndProject
Project("{FAE04EC0-301F-11D3-BF4B-00C04F79EFBC}") = "LagencyUser.Application", "src\LagencyUser.Application\LagencyUser.Application.csproj", "{74F854C5-A070-4AC3-9DE6-B261B5E89BCE}"
EndProject
Global
	GlobalSection(SolutionConfigurationPlatforms) = preSolution
		Debug|Any CPU = Debug|Any CPU
		Release|Any CPU = Release|Any CPU
	EndGlobalSection
	GlobalSection(ProjectConfigurationPlatforms) = postSolution
		{B707F1AF-DD46-45D6-B4C5-BC2E9A3FB9B7}.Debug|Any CPU.ActiveCfg = Debug|Any CPU
		{B707F1AF-DD46-45D6-B4C5-BC2E9A3FB9B7}.Debug|Any CPU.Build.0 = Debug|Any CPU
		{B707F1AF-DD46-45D6-B4C5-BC2E9A3FB9B7}.Release|Any CPU.ActiveCfg = Release|Any CPU
		{B707F1AF-DD46-45D6-B4C5-BC2E9A3FB9B7}.Release|Any CPU.Build.0 = Release|Any CPU
		{40674C67-6A97-4B85-8154-92AEC74A37A0}.Debug|Any CPU.ActiveCfg = Debug|Any CPU
		{40674C67-6A97-4B85-8154-92AEC74A37A0}.Debug|Any CPU.Build.0 = Debug|Any CPU
		{40674C67-6A97-4B85-8154-92AEC74A37A0}.Release|Any CPU.ActiveCfg = Release|Any CPU
		{40674C67-6A97-4B85-8154-92AEC74A37A0}.Release|Any CPU.Build.0 = Release|Any CPU
		{4CFB4883-9929-4814-BE22-2E19476CE4A3}.Debug|Any CPU.ActiveCfg = Debug|Any CPU
		{4CFB4883-9929-4814-BE22-2E19476CE4A3}.Debug|Any CPU.Build.0 = Debug|Any CPU
		{4CFB4883-9929-4814-BE22-2E19476CE4A3}.Release|Any CPU.ActiveCfg = Release|Any CPU
		{4CFB4883-9929-4814-BE22-2E19476CE4A3}.Release|Any CPU.Build.0 = Release|Any CPU
		{1ECB5581-FFA5-4C11-A491-C85ABD962033}.Debug|Any CPU.ActiveCfg = Debug|Any CPU
		{1ECB5581-FFA5-4C11-A491-C85ABD962033}.Debug|Any CPU.Build.0 = Debug|Any CPU
		{1ECB5581-FFA5-4C11-A491-C85ABD962033}.Release|Any CPU.ActiveCfg = Release|Any CPU
		{1ECB5581-FFA5-4C11-A491-C85ABD962033}.Release|Any CPU.Build.0 = Release|Any CPU
		{0588E894-0F7A-470B-9F13-F8992E59AD5C}.Debug|Any CPU.ActiveCfg = Debug|Any CPU
		{0588E894-0F7A-470B-9F13-F8992E59AD5C}.Debug|Any CPU.Build.0 = Debug|Any CPU
		{0588E894-0F7A-470B-9F13-F8992E59AD5C}.Release|Any CPU.ActiveCfg = Release|Any CPU
		{0588E894-0F7A-470B-9F13-F8992E59AD5C}.Release|Any CPU.Build.0 = Release|Any CPU
		{2C2C5158-2A08-44CB-A166-E7B06458DE9E}.Debug|Any CPU.ActiveCfg = Debug|Any CPU
		{2C2C5158-2A08-44CB-A166-E7B06458DE9E}.Debug|Any CPU.Build.0 = Debug|Any CPU
		{2C2C5158-2A08-44CB-A166-E7B06458DE9E}.Release|Any CPU.ActiveCfg = Release|Any CPU
		{2C2C5158-2A08-44CB-A166-E7B06458DE9E}.Release|Any CPU.Build.0 = Release|Any CPU
		{74F854C5-A070-4AC3-9DE6-B261B5E89BCE}.Debug|Any CPU.ActiveCfg = Debug|Any CPU
		{74F854C5-A070-4AC3-9DE6-B261B5E89BCE}.Debug|Any CPU.Build.0 = Debug|Any CPU
		{74F854C5-A070-4AC3-9DE6-B261B5E89BCE}.Release|Any CPU.ActiveCfg = Release|Any CPU
		{74F854C5-A070-4AC3-9DE6-B261B5E89BCE}.Release|Any CPU.Build.0 = Release|Any CPU
	EndGlobalSection
	GlobalSection(SolutionProperties) = preSolution
		HideSolutionNode = FALSE
	EndGlobalSection
	GlobalSection(NestedProjects) = preSolution
		{BABF1C97-CB5C-4AC5-81C6-6A81B0D45E27} = {2408EC7B-2E06-46A5-B6AC-D4E985E30CBB}
		{B707F1AF-DD46-45D6-B4C5-BC2E9A3FB9B7} = {BABF1C97-CB5C-4AC5-81C6-6A81B0D45E27}
		{40674C67-6A97-4B85-8154-92AEC74A37A0} = {BABF1C97-CB5C-4AC5-81C6-6A81B0D45E27}
		{4CFB4883-9929-4814-BE22-2E19476CE4A3} = {BABF1C97-CB5C-4AC5-81C6-6A81B0D45E27}
		{1ECB5581-FFA5-4C11-A491-C85ABD962033} = {2408EC7B-2E06-46A5-B6AC-D4E985E30CBB}
		{2C2C5158-2A08-44CB-A166-E7B06458DE9E} = {2408EC7B-2E06-46A5-B6AC-D4E985E30CBB}
		{74F854C5-A070-4AC3-9DE6-B261B5E89BCE} = {2408EC7B-2E06-46A5-B6AC-D4E985E30CBB}
	EndGlobalSection
EndGlobal
