{
  "requires": true,
  "lockfileVersion": 1,
  "dependencies": {
    "@angular-mdc/theme": {
      "version": "0.38.0",
      "resolved": "https://registry.npmjs.org/@angular-mdc/theme/-/theme-0.38.0.tgz",
      "integrity": "sha512-syLaByYK8Lun1KcT0l/tSOvJLVrbaI/pKxelldWZud17LucuEtmZF+ZHHVKswiOnyp453JD/XUB2+FQtLbY4Kw=="
    },
    "undefined": {
      "version": "0.1.0",
      "resolved": "https://registry.npmjs.org/undefined/-/undefined-0.1.0.tgz",
      "integrity": "sha1-m3BqSzKtMMIMpP5l3cu72sMr3tA="
    }
  }
}
